
Microsoft Visual Studio Solution File, Format Version 12.00
# Visual Studio Version 16
VisualStudioVersion = 16.0.31424.327
MinimumVisualStudioVersion = 10.0.40219.1
Project("{9A19103F-16F7-4668-BE54-9A1E7A4F7556}") = "ServerSide", "ServerSide\ServerSide.csproj", "{F818BEA0-8280-4A10-81C8-6D0F0DA3D708}"
EndProject
Project("{FAE04EC0-301F-11D3-BF4B-00C04F79EFBC}") = "ClientSide", "ClientSide\ClientSide.csproj", "{ACD11BA9-2F10-4CA2-8A0F-CDE5960EDFF3}"
EndProject
Project("{2150E333-8FDC-42A3-9474-1A3956D46DE8}") = "Solution Items", "Solution Items", "{254E19D2-23DC-4C27-B774-90F9EE7F5374}"
	ProjectSection(SolutionItems) = preProject
		.editorconfig = .editorconfig
	EndProjectSection
EndProject
Global
	GlobalSection(SolutionConfigurationPlatforms) = preSolution
		Debug|Any CPU = Debug|Any CPU
		Release|Any CPU = Release|Any CPU
	EndGlobalSection
	GlobalSection(ProjectConfigurationPlatforms) = postSolution
		{F818BEA0-8280-4A10-81C8-6D0F0DA3D708}.Debug|Any CPU.ActiveCfg = Debug|Any CPU
		{F818BEA0-8280-4A10-81C8-6D0F0DA3D708}.Debug|Any CPU.Build.0 = Debug|Any CPU
		{F818BEA0-8280-4A10-81C8-6D0F0DA3D708}.Release|Any CPU.ActiveCfg = Release|Any CPU
		{F818BEA0-8280-4A10-81C8-6D0F0DA3D708}.Release|Any CPU.Build.0 = Release|Any CPU
		{ACD11BA9-2F10-4CA2-8A0F-CDE5960EDFF3}.Debug|Any CPU.ActiveCfg = Debug|Any CPU
		{ACD11BA9-2F10-4CA2-8A0F-CDE5960EDFF3}.Debug|Any CPU.Build.0 = Debug|Any CPU
		{ACD11BA9-2F10-4CA2-8A0F-CDE5960EDFF3}.Release|Any CPU.ActiveCfg = Release|Any CPU
		{ACD11BA9-2F10-4CA2-8A0F-CDE5960EDFF3}.Release|Any CPU.Build.0 = Release|Any CPU
	EndGlobalSection
	GlobalSection(SolutionProperties) = preSolution
		HideSolutionNode = FALSE
	EndGlobalSection
	GlobalSection(ExtensibilityGlobals) = postSolution
		SolutionGuid = {95BF4008-AB8D-4559-A534-DFD968DE82F2}
	EndGlobalSection
EndGlobal
